{
  "requires": true,
  "lockfileVersion": 1,
  "dependencies": {
    "howler": {
      "version": "2.1.1",
      "resolved": "https://registry.npmjs.org/howler/-/howler-2.1.1.tgz",
      "integrity": "sha512-9nwyDCGxhAGMmNXDfMLv0M/uS/WUg2//jG6t96D8DqbbsVZgXQzsP/ZMItbWO/Fqg7Gg69kOv3xVSDzJdd7aqA=="
    }
  }
}
